
Microsoft Visual Studio Solution File, Format Version 12.00
# Visual Studio Version 17
VisualStudioVersion = 17.11.35303.130
MinimumVisualStudioVersion = 10.0.40219.1
Project("{2150E333-8FDC-42A3-9474-1A3956D46DE8}") = "Task0", "Task0", "{F870958D-5F6C-49E6-814E-56DF87222BE0}"
EndProject
Project("{FAE04EC0-301F-11D3-BF4B-00C04F79EFBC}") = "Tyuiu.NuryevAR.Sprint3.Task0.V16", "Tyuiu.NuryevAR.Sprint3.Task0.V16\Tyuiu.NuryevAR.Sprint3.Task0.V16.csproj", "{149A57BE-DAB3-4E2D-BBEC-11AC0786C76E}"
EndProject
Project("{FAE04EC0-301F-11D3-BF4B-00C04F79EFBC}") = "Tyuiu.NuryevAR.Sprint3.Task0.V16.Lib", "Tyuiu.NuryevAR.Sprint3.Task0.V16.Lib\Tyuiu.NuryevAR.Sprint3.Task0.V16.Lib.csproj", "{A0AB0C64-7D9D-4191-B69F-016F416A44C7}"
EndProject
Project("{FAE04EC0-301F-11D3-BF4B-00C04F79EFBC}") = "Tyuiu.NuryevAR.Sprint3.Task0.V16.Test", "Tyuiu.NuryevAR.Sprint3.Task0.V16.Test\Tyuiu.NuryevAR.Sprint3.Task0.V16.Test.csproj", "{F1108A1E-E279-4DFF-BA4D-1207DD4EB87D}"
EndProject
Global
	GlobalSection(SolutionConfigurationPlatforms) = preSolution
		Debug|Any CPU = Debug|Any CPU
		Release|Any CPU = Release|Any CPU
	EndGlobalSection
	GlobalSection(ProjectConfigurationPlatforms) = postSolution
		{149A57BE-DAB3-4E2D-BBEC-11AC0786C76E}.Debug|Any CPU.ActiveCfg = Debug|Any CPU
		{149A57BE-DAB3-4E2D-BBEC-11AC0786C76E}.Debug|Any CPU.Build.0 = Debug|Any CPU
		{149A57BE-DAB3-4E2D-BBEC-11AC0786C76E}.Release|Any CPU.ActiveCfg = Release|Any CPU
		{149A57BE-DAB3-4E2D-BBEC-11AC0786C76E}.Release|Any CPU.Build.0 = Release|Any CPU
		{A0AB0C64-7D9D-4191-B69F-016F416A44C7}.Debug|Any CPU.ActiveCfg = Debug|Any CPU
		{A0AB0C64-7D9D-4191-B69F-016F416A44C7}.Debug|Any CPU.Build.0 = Debug|Any CPU
		{A0AB0C64-7D9D-4191-B69F-016F416A44C7}.Release|Any CPU.ActiveCfg = Release|Any CPU
		{A0AB0C64-7D9D-4191-B69F-016F416A44C7}.Release|Any CPU.Build.0 = Release|Any CPU
		{F1108A1E-E279-4DFF-BA4D-1207DD4EB87D}.Debug|Any CPU.ActiveCfg = Debug|Any CPU
		{F1108A1E-E279-4DFF-BA4D-1207DD4EB87D}.Debug|Any CPU.Build.0 = Debug|Any CPU
		{F1108A1E-E279-4DFF-BA4D-1207DD4EB87D}.Release|Any CPU.ActiveCfg = Release|Any CPU
		{F1108A1E-E279-4DFF-BA4D-1207DD4EB87D}.Release|Any CPU.Build.0 = Release|Any CPU
	EndGlobalSection
	GlobalSection(SolutionProperties) = preSolution
		HideSolutionNode = FALSE
	EndGlobalSection
	GlobalSection(NestedProjects) = preSolution
		{149A57BE-DAB3-4E2D-BBEC-11AC0786C76E} = {F870958D-5F6C-49E6-814E-56DF87222BE0}
		{A0AB0C64-7D9D-4191-B69F-016F416A44C7} = {F870958D-5F6C-49E6-814E-56DF87222BE0}
		{F1108A1E-E279-4DFF-BA4D-1207DD4EB87D} = {F870958D-5F6C-49E6-814E-56DF87222BE0}
	EndGlobalSection
	GlobalSection(ExtensibilityGlobals) = postSolution
		SolutionGuid = {BEE10567-E38F-4946-B7FC-612838296AA6}
	EndGlobalSection
EndGlobal
